
Microsoft Visual Studio Solution File, Format Version 12.00
# Visual Studio Version 16
VisualStudioVersion = 16.0.31624.102
MinimumVisualStudioVersion = 10.0.40219.1
Project("{2150E333-8FDC-42A3-9474-1A3956D46DE8}") = "Building Blocks", "Building Blocks", "{4B285EA7-AF4B-4B73-84BE-478BA57313C3}"
EndProject
Project("{2150E333-8FDC-42A3-9474-1A3956D46DE8}") = "Web", "Web", "{7332A548-0000-4C07-8E29-E0ABB11D3D19}"
EndProject
Project("{2150E333-8FDC-42A3-9474-1A3956D46DE8}") = "Services", "Services", "{3636C0FB-7B8A-4808-AA24-383B32286849}"
EndProject
Project("{2150E333-8FDC-42A3-9474-1A3956D46DE8}") = "src", "src", "{33792CC0-30C8-44DF-A0EC-E72E310FF355}"
EndProject
Project("{2150E333-8FDC-42A3-9474-1A3956D46DE8}") = "Identidade", "Identidade", "{51BEDA3E-CF88-43DA-9AD8-059C739C1F7F}"
EndProject
Project("{FAE04EC0-301F-11D3-BF4B-00C04F79EFBC}") = "NSE.Identidade.API", "src\services\NSE.Identidade.API\NSE.Identidade.API.csproj", "{A5B0984B-7200-4E1C-B2D6-4A1BE3733972}"
EndProject
Project("{2150E333-8FDC-42A3-9474-1A3956D46DE8}") = "MVC", "MVC", "{0F38B254-E139-4A7E-93B4-3BD6AF23F656}"
EndProject
Project("{FAE04EC0-301F-11D3-BF4B-00C04F79EFBC}") = "NSE.WebApp.MVC", "src\web\NSE.WebApp.MVC\NSE.WebApp.MVC.csproj", "{BE5A9C86-647E-40ED-B4C2-FAFA662DE799}"
EndProject
Project("{2150E333-8FDC-42A3-9474-1A3956D46DE8}") = "Core", "Core", "{CE944083-DD59-4353-A335-AC5D76C8B82A}"
EndProject
Project("{FAE04EC0-301F-11D3-BF4B-00C04F79EFBC}") = "NSE.Core", "src\building blocks\NSE.Core\NSE.Core.csproj", "{BF64EE77-E8D2-4939-839C-51ACC9FDA410}"
EndProject
Project("{2150E333-8FDC-42A3-9474-1A3956D46DE8}") = "Carrinho", "Carrinho", "{859EB48D-0D2D-420C-9A8C-8DC688B9D910}"
EndProject
Project("{2150E333-8FDC-42A3-9474-1A3956D46DE8}") = "Catalogo", "Catalogo", "{336C2100-307A-426B-BC2A-8FAEF4FEE9AC}"
EndProject
Project("{2150E333-8FDC-42A3-9474-1A3956D46DE8}") = "Cliente", "Cliente", "{9B7F4720-D983-4037-AB20-8A5473D96CCD}"
EndProject
Project("{2150E333-8FDC-42A3-9474-1A3956D46DE8}") = "Pagamento", "Pagamento", "{F240B271-A666-4897-836B-47D43B6FC5CA}"
EndProject
Project("{2150E333-8FDC-42A3-9474-1A3956D46DE8}") = "Pedido", "Pedido", "{2DE9B0B1-44A7-414C-B0BA-AA6E5C70EF02}"
EndProject
Project("{FAE04EC0-301F-11D3-BF4B-00C04F79EFBC}") = "NSE.Carrinho.API", "src\services\NSE.Carrinho.API\NSE.Carrinho.API.csproj", "{ECB33FC9-608D-42F7-84A1-98CA2AA0A7BB}"
EndProject
Project("{FAE04EC0-301F-11D3-BF4B-00C04F79EFBC}") = "NSE.Catalogo.API", "src\services\NSE.Catalogo.API\NSE.Catalogo.API.csproj", "{589EB3BC-A58F-48B5-BAEC-1C8F6C526FA4}"
EndProject
Project("{FAE04EC0-301F-11D3-BF4B-00C04F79EFBC}") = "NSE.Cliente.API", "src\services\NSE.Cliente.API\NSE.Cliente.API.csproj", "{040C7480-6BDE-48ED-9E44-EE8CCEE859A9}"
EndProject
Project("{FAE04EC0-301F-11D3-BF4B-00C04F79EFBC}") = "NSE.Pagamento.API", "src\services\NSE.Pagamento.API\NSE.Pagamento.API.csproj", "{18B4F5F2-88B9-4AF4-9509-78861187F71A}"
EndProject
Project("{FAE04EC0-301F-11D3-BF4B-00C04F79EFBC}") = "NSE.Pedido.API", "NSE.Pedido.API\NSE.Pedido.API.csproj", "{18E52545-8381-424D-8025-8C32109E1686}"
EndProject
Global
	GlobalSection(SolutionConfigurationPlatforms) = preSolution
		Debug|Any CPU = Debug|Any CPU
		Release|Any CPU = Release|Any CPU
	EndGlobalSection
	GlobalSection(ProjectConfigurationPlatforms) = postSolution
		{A5B0984B-7200-4E1C-B2D6-4A1BE3733972}.Debug|Any CPU.ActiveCfg = Debug|Any CPU
		{A5B0984B-7200-4E1C-B2D6-4A1BE3733972}.Debug|Any CPU.Build.0 = Debug|Any CPU
		{A5B0984B-7200-4E1C-B2D6-4A1BE3733972}.Release|Any CPU.ActiveCfg = Release|Any CPU
		{A5B0984B-7200-4E1C-B2D6-4A1BE3733972}.Release|Any CPU.Build.0 = Release|Any CPU
		{BE5A9C86-647E-40ED-B4C2-FAFA662DE799}.Debug|Any CPU.ActiveCfg = Debug|Any CPU
		{BE5A9C86-647E-40ED-B4C2-FAFA662DE799}.Debug|Any CPU.Build.0 = Debug|Any CPU
		{BE5A9C86-647E-40ED-B4C2-FAFA662DE799}.Release|Any CPU.ActiveCfg = Release|Any CPU
		{BE5A9C86-647E-40ED-B4C2-FAFA662DE799}.Release|Any CPU.Build.0 = Release|Any CPU
		{BF64EE77-E8D2-4939-839C-51ACC9FDA410}.Debug|Any CPU.ActiveCfg = Debug|Any CPU
		{BF64EE77-E8D2-4939-839C-51ACC9FDA410}.Debug|Any CPU.Build.0 = Debug|Any CPU
		{BF64EE77-E8D2-4939-839C-51ACC9FDA410}.Release|Any CPU.ActiveCfg = Release|Any CPU
		{BF64EE77-E8D2-4939-839C-51ACC9FDA410}.Release|Any CPU.Build.0 = Release|Any CPU
		{ECB33FC9-608D-42F7-84A1-98CA2AA0A7BB}.Debug|Any CPU.ActiveCfg = Debug|Any CPU
		{ECB33FC9-608D-42F7-84A1-98CA2AA0A7BB}.Debug|Any CPU.Build.0 = Debug|Any CPU
		{ECB33FC9-608D-42F7-84A1-98CA2AA0A7BB}.Release|Any CPU.ActiveCfg = Release|Any CPU
		{ECB33FC9-608D-42F7-84A1-98CA2AA0A7BB}.Release|Any CPU.Build.0 = Release|Any CPU
		{589EB3BC-A58F-48B5-BAEC-1C8F6C526FA4}.Debug|Any CPU.ActiveCfg = Debug|Any CPU
		{589EB3BC-A58F-48B5-BAEC-1C8F6C526FA4}.Debug|Any CPU.Build.0 = Debug|Any CPU
		{589EB3BC-A58F-48B5-BAEC-1C8F6C526FA4}.Release|Any CPU.ActiveCfg = Release|Any CPU
		{589EB3BC-A58F-48B5-BAEC-1C8F6C526FA4}.Release|Any CPU.Build.0 = Release|Any CPU
		{040C7480-6BDE-48ED-9E44-EE8CCEE859A9}.Debug|Any CPU.ActiveCfg = Debug|Any CPU
		{040C7480-6BDE-48ED-9E44-EE8CCEE859A9}.Debug|Any CPU.Build.0 = Debug|Any CPU
		{040C7480-6BDE-48ED-9E44-EE8CCEE859A9}.Release|Any CPU.ActiveCfg = Release|Any CPU
		{040C7480-6BDE-48ED-9E44-EE8CCEE859A9}.Release|Any CPU.Build.0 = Release|Any CPU
		{18B4F5F2-88B9-4AF4-9509-78861187F71A}.Debug|Any CPU.ActiveCfg = Debug|Any CPU
		{18B4F5F2-88B9-4AF4-9509-78861187F71A}.Debug|Any CPU.Build.0 = Debug|Any CPU
		{18B4F5F2-88B9-4AF4-9509-78861187F71A}.Release|Any CPU.ActiveCfg = Release|Any CPU
		{18B4F5F2-88B9-4AF4-9509-78861187F71A}.Release|Any CPU.Build.0 = Release|Any CPU
		{18E52545-8381-424D-8025-8C32109E1686}.Debug|Any CPU.ActiveCfg = Debug|Any CPU
		{18E52545-8381-424D-8025-8C32109E1686}.Debug|Any CPU.Build.0 = Debug|Any CPU
		{18E52545-8381-424D-8025-8C32109E1686}.Release|Any CPU.ActiveCfg = Release|Any CPU
		{18E52545-8381-424D-8025-8C32109E1686}.Release|Any CPU.Build.0 = Release|Any CPU
	EndGlobalSection
	GlobalSection(SolutionProperties) = preSolution
		HideSolutionNode = FALSE
	EndGlobalSection
	GlobalSection(NestedProjects) = preSolution
		{4B285EA7-AF4B-4B73-84BE-478BA57313C3} = {33792CC0-30C8-44DF-A0EC-E72E310FF355}
		{7332A548-0000-4C07-8E29-E0ABB11D3D19} = {33792CC0-30C8-44DF-A0EC-E72E310FF355}
		{3636C0FB-7B8A-4808-AA24-383B32286849} = {33792CC0-30C8-44DF-A0EC-E72E310FF355}
		{51BEDA3E-CF88-43DA-9AD8-059C739C1F7F} = {3636C0FB-7B8A-4808-AA24-383B32286849}
		{A5B0984B-7200-4E1C-B2D6-4A1BE3733972} = {51BEDA3E-CF88-43DA-9AD8-059C739C1F7F}
		{0F38B254-E139-4A7E-93B4-3BD6AF23F656} = {7332A548-0000-4C07-8E29-E0ABB11D3D19}
		{BE5A9C86-647E-40ED-B4C2-FAFA662DE799} = {0F38B254-E139-4A7E-93B4-3BD6AF23F656}
		{CE944083-DD59-4353-A335-AC5D76C8B82A} = {4B285EA7-AF4B-4B73-84BE-478BA57313C3}
		{BF64EE77-E8D2-4939-839C-51ACC9FDA410} = {CE944083-DD59-4353-A335-AC5D76C8B82A}
		{859EB48D-0D2D-420C-9A8C-8DC688B9D910} = {3636C0FB-7B8A-4808-AA24-383B32286849}
		{336C2100-307A-426B-BC2A-8FAEF4FEE9AC} = {3636C0FB-7B8A-4808-AA24-383B32286849}
		{9B7F4720-D983-4037-AB20-8A5473D96CCD} = {3636C0FB-7B8A-4808-AA24-383B32286849}
		{F240B271-A666-4897-836B-47D43B6FC5CA} = {3636C0FB-7B8A-4808-AA24-383B32286849}
		{2DE9B0B1-44A7-414C-B0BA-AA6E5C70EF02} = {3636C0FB-7B8A-4808-AA24-383B32286849}
		{ECB33FC9-608D-42F7-84A1-98CA2AA0A7BB} = {859EB48D-0D2D-420C-9A8C-8DC688B9D910}
		{589EB3BC-A58F-48B5-BAEC-1C8F6C526FA4} = {336C2100-307A-426B-BC2A-8FAEF4FEE9AC}
		{040C7480-6BDE-48ED-9E44-EE8CCEE859A9} = {9B7F4720-D983-4037-AB20-8A5473D96CCD}
		{18B4F5F2-88B9-4AF4-9509-78861187F71A} = {F240B271-A666-4897-836B-47D43B6FC5CA}
		{18E52545-8381-424D-8025-8C32109E1686} = {2DE9B0B1-44A7-414C-B0BA-AA6E5C70EF02}
	EndGlobalSection
	GlobalSection(ExtensibilityGlobals) = postSolution
		SolutionGuid = {AD77CE45-1C9F-4C48-B098-425538FEA05B}
	EndGlobalSection
EndGlobal
